
Microsoft Visual Studio Solution File, Format Version 12.00
# Visual Studio 15
VisualStudioVersion = 15.0.28307.1433
MinimumVisualStudioVersion = 10.0.40219.1
Project("{FAE04EC0-301F-11D3-BF4B-00C04F79EFBC}") = "WPF-emrac-connexion", "WPF-emrac-connexion.csproj", "{7C94042A-EB98-4D90-9AFC-405A995F12EF}"
EndProject
Global
	GlobalSection(SolutionConfigurationPlatforms) = preSolution
		Debug|Any CPU = Debug|Any CPU
		Release|Any CPU = Release|Any CPU
	EndGlobalSection
	GlobalSection(ProjectConfigurationPlatforms) = postSolution
		{7C94042A-EB98-4D90-9AFC-405A995F12EF}.Debug|Any CPU.ActiveCfg = Debug|Any CPU
		{7C94042A-EB98-4D90-9AFC-405A995F12EF}.Debug|Any CPU.Build.0 = Debug|Any CPU
		{7C94042A-EB98-4D90-9AFC-405A995F12EF}.Release|Any CPU.ActiveCfg = Release|Any CPU
		{7C94042A-EB98-4D90-9AFC-405A995F12EF}.Release|Any CPU.Build.0 = Release|Any CPU
	EndGlobalSection
	GlobalSection(SolutionProperties) = preSolution
		HideSolutionNode = FALSE
	EndGlobalSection
	GlobalSection(ExtensibilityGlobals) = postSolution
		SolutionGuid = {06CBFC9C-E5C9-4B87-8B96-D463E0E5DC57}
	EndGlobalSection
EndGlobal
